{
  "name": "memoryprofiling",
  "version": "1.0.0",
  "lockfileVersion": 1,
  "requires": true,
  "dependencies": {
    "@types/color-name": {
      "version": "1.1.1",
      "resolved": "https://registry.npmjs.org/@types/color-name/-/color-name-1.1.1.tgz",
      "integrity": "sha512-rr+OQyAjxze7GgWrSaJwydHStIhHq2lvY3BOC2Mj7KnzI7XK0Uw1TOOdI9lDoajEbSWLiYgoo4f1R51erQfhPQ=="
    },
    "ansi-styles": {
      "version": "4.2.0",
      "resolved": "https://registry.npmjs.org/ansi-styles/-/ansi-styles-4.2.0.tgz",
      "integrity": "sha512-7kFQgnEaMdRtwf6uSfUnVr9gSGC7faurn+J/Mv90/W+iTtN0405/nLdopfMWwchyxhbGYl6TC4Sccn9TUkGAgg==",
      "requires": {
        "@types/color-name": "1.1.1",
        "color-convert": "2.0.1"
      }
    },
    "chalk": {
      "version": "3.0.0",
      "resolved": "https://registry.npmjs.org/chalk/-/chalk-3.0.0.tgz",
      "integrity": "sha512-4D3B6Wf41KOYRFdszmDqMCGq5VV/uMAB273JILmO+3jAlh8X4qDtdtgCR3fxtbLEMzSx22QdhnDcJvu2u1fVwg==",
      "requires": {
        "ansi-styles": "4.2.0",
        "supports-color": "7.1.0"
      }
    },
    "clamp": {
      "version": "1.0.1",
      "resolved": "https://registry.npmjs.org/clamp/-/clamp-1.0.1.tgz",
      "integrity": "sha1-ZqDmQBGBbjcZaCj9yMjBRzEshjQ="
    },
    "color-convert": {
      "version": "2.0.1",
      "resolved": "https://registry.npmjs.org/color-convert/-/color-convert-2.0.1.tgz",
      "integrity": "sha512-RRECPsj7iu/xb5oKYcsFHSppFNnsj/52OVTRKb4zP5onXwVF3zVmmToNcOfGC+CRDpfK/U584fMg38ZHCaElKQ==",
      "requires": {
        "color-name": "1.1.4"
      }
    },
    "color-name": {
      "version": "1.1.4",
      "resolved": "https://registry.npmjs.org/color-name/-/color-name-1.1.4.tgz",
      "integrity": "sha512-dOy+3AuW3a2wNbZHIuMZpTcgjGuLU/uBL/ubcZF9OXbDo8ff4O8yVp5Bf0efS8uEoYo5q4Fx7dY9OgQGXgAsQA=="
    },
    "has-flag": {
      "version": "4.0.0",
      "resolved": "https://registry.npmjs.org/has-flag/-/has-flag-4.0.0.tgz",
      "integrity": "sha512-EykJT/Q1KjTWctppgIAgfSO0tKVuZUjhgMr17kqTumMl6Afv3EISleU7qZUzoXDFTAHTDC4NOoG/ZxU3EvlMPQ=="
    },
    "has-symbols": {
      "version": "1.0.1",
      "resolved": "https://registry.npmjs.org/has-symbols/-/has-symbols-1.0.1.tgz",
      "integrity": "sha512-PLcsoqu++dmEIZB+6totNFKq/7Do+Z0u4oT0zKOJNl3lYK6vGwwu2hjHs+68OEZbTjiUE9bgOABXbP/GvrS0Kg=="
    },
    "is-function": {
      "version": "1.0.1",
      "resolved": "https://registry.npmjs.org/is-function/-/is-function-1.0.1.tgz",
      "integrity": "sha1-Es+5i2W1fdPRk6MSH19uL0N2ArU="
    },
    "is-nil": {
      "version": "1.0.1",
      "resolved": "https://registry.npmjs.org/is-nil/-/is-nil-1.0.1.tgz",
      "integrity": "sha1-LauingtYUGOHXntTnQcfWxWTeWk="
    },
    "is-object": {
      "version": "1.0.1",
      "resolved": "https://registry.npmjs.org/is-object/-/is-object-1.0.1.tgz",
      "integrity": "sha1-iVJojF7C/9awPsyF52ngKQMINHA="
    },
    "is-symbol": {
      "version": "1.0.3",
      "resolved": "https://registry.npmjs.org/is-symbol/-/is-symbol-1.0.3.tgz",
      "integrity": "sha512-OwijhaRSgqvhm/0ZdAcXNZt9lYdKFpcRDT5ULUuYXPoT794UNOdU+gpT6Rzo7b4V2HUl/op6GqY894AZwv9faQ==",
      "requires": {
        "has-symbols": "1.0.1"
      }
    },
    "max-safe-int": {
      "version": "1.0.0",
      "resolved": "https://registry.npmjs.org/max-safe-int/-/max-safe-int-1.0.0.tgz",
      "integrity": "sha1-RPuo7Jk97ZH7LFo15xz5yfNpzlI="
    },
    "random-char": {
      "version": "1.0.4",
      "resolved": "https://registry.npmjs.org/random-char/-/random-char-1.0.4.tgz",
      "integrity": "sha1-X+LJUTTK/MXXvI9Ggx3Db9u9XGY=",
      "requires": {
        "is-nil": "1.0.1",
        "is-object": "1.0.1",
        "random-natural": "1.0.3",
        "to-str": "1.0.0"
      }
    },
    "random-integral": {
      "version": "1.0.3",
      "resolved": "https://registry.npmjs.org/random-integral/-/random-integral-1.0.3.tgz",
      "integrity": "sha1-j/PBF1ZcmgS2bd1VnzrtKb0PD2w=",
      "requires": {
        "clamp": "1.0.1",
        "max-safe-int": "1.0.0",
        "to-integer": "1.0.1"
      }
    },
    "random-lorem": {
      "version": "1.0.4",
      "resolved": "https://registry.npmjs.org/random-lorem/-/random-lorem-1.0.4.tgz",
      "integrity": "sha1-/UFERTeVS7XDM7PI76gw1GVYYVI=",
      "requires": {
        "clamp": "1.0.1",
        "random-char": "1.0.4",
        "random-natural": "1.0.3",
        "random-syllable": "1.0.1"
      }
    },
    "random-natural": {
      "version": "1.0.3",
      "resolved": "https://registry.npmjs.org/random-natural/-/random-natural-1.0.3.tgz",
      "integrity": "sha1-7yhhWwPCy3Gq6/fyT0hyZqRDxcA=",
      "requires": {
        "max-safe-int": "1.0.0",
        "random-integral": "1.0.3"
      }
    },
    "random-sentence": {
      "version": "1.0.4",
      "resolved": "https://registry.npmjs.org/random-sentence/-/random-sentence-1.0.4.tgz",
      "integrity": "sha1-SX9j38NiSbQ44ZSS7i3w9ONj6ZY=",
      "requires": {
        "clamp": "1.0.1",
        "random-lorem": "1.0.4",
        "random-natural": "1.0.3"
      }
    },
    "random-syllable": {
      "version": "1.0.1",
      "resolved": "https://registry.npmjs.org/random-syllable/-/random-syllable-1.0.1.tgz",
      "integrity": "sha1-VJn7uocri/UqrUNBw+wxjbs8SfY=",
      "requires": {
        "clamp": "1.0.1",
        "is-object": "1.0.1",
        "random-char": "1.0.4",
        "random-natural": "1.0.3",
        "to-integer": "1.0.1"
      }
    },
    "supports-color": {
      "version": "7.1.0",
      "resolved": "https://registry.npmjs.org/supports-color/-/supports-color-7.1.0.tgz",
      "integrity": "sha512-oRSIpR8pxT1Wr2FquTNnGet79b3BWljqOuoW/h4oBhxJ/HUbX5nX6JSruTkvXDCFMwDPvsaTTbvMLKZWSy0R5g==",
      "requires": {
        "has-flag": "4.0.0"
      }
    },
    "to-integer": {
      "version": "1.0.1",
      "resolved": "https://registry.npmjs.org/to-integer/-/to-integer-1.0.1.tgz",
      "integrity": "sha1-URrUHc5qk3MKjztuNaFk/YKUZNo=",
      "requires": {
        "is-function": "1.0.1",
        "is-nil": "1.0.1",
        "is-object": "1.0.1",
        "is-symbol": "1.0.3"
      }
    },
    "to-str": {
      "version": "1.0.0",
      "resolved": "https://registry.npmjs.org/to-str/-/to-str-1.0.0.tgz",
      "integrity": "sha1-kDQkj1b0OYBMH9RaPL6Bley2CPE=",
      "requires": {
        "is-function": "1.0.1",
        "is-nil": "1.0.1",
        "is-object": "1.0.1",
        "is-symbol": "1.0.3"
      }
    }
  }
}
